// !$*UTF8*$!
{
	archiveVersion = 1;
	classes = {
	};
	objectVersion = 50;
	objects = {

/* Begin PBXBuildFile section */
		AC85ACD5258A331D0070D8F0 /* XcodeBundleNumberApp.swift in Sources */ = {isa = PBXBuildFile; fileRef = AC85ACD4258A331D0070D8F0 /* XcodeBundleNumberApp.swift */; };
		AC85ACD7258A331D0070D8F0 /* ContentView.swift in Sources */ = {isa = PBXBuildFile; fileRef = AC85ACD6258A331D0070D8F0 /* ContentView.swift */; };
		AC85ACD9258A33250070D8F0 /* Assets.xcassets in Resources */ = {isa = PBXBuildFile; fileRef = AC85ACD8258A33250070D8F0 /* Assets.xcassets */; };
		AC85ACDC258A33250070D8F0 /* Preview Assets.xcassets in Resources */ = {isa = PBXBuildFile; fileRef = AC85ACDB258A33250070D8F0 /* Preview Assets.xcassets */; };
		AC85ACE7258A33260070D8F0 /* XcodeBundleNumberTests.swift in Sources */ = {isa = PBXBuildFile; fileRef = AC85ACE6258A33260070D8F0 /* XcodeBundleNumberTests.swift */; };
		AC85ACF2258A33260070D8F0 /* XcodeBundleNumberUITests.swift in Sources */ = {isa = PBXBuildFile; fileRef = AC85ACF1258A33260070D8F0 /* XcodeBundleNumberUITests.swift */; };
/* End PBXBuildFile section */

/* Begin PBXContainerItemProxy section */
		AC85ACE3258A33260070D8F0 /* PBXContainerItemProxy */ = {
			isa = PBXContainerItemProxy;
			containerPortal = AC85ACC9258A331D0070D8F0 /* Project object */;
			proxyType = 1;
			remoteGlobalIDString = AC85ACD0258A331D0070D8F0;
			remoteInfo = XcodeBundleNumber;
		};
		AC85ACEE258A33260070D8F0 /* PBXContainerItemProxy */ = {
			isa = PBXContainerItemProxy;
			containerPortal = AC85ACC9258A331D0070D8F0 /* Project object */;
			proxyType = 1;
			remoteGlobalIDString = AC85ACD0258A331D0070D8F0;
			remoteInfo = XcodeBundleNumber;
		};
/* End PBXContainerItemProxy section */

/* Begin PBXFileReference section */
		AC85ACD1258A331D0070D8F0 /* XcodeBundleNumber.app */ = {isa = PBXFileReference; explicitFileType = wrapper.application; includeInIndex = 0; path = XcodeBundleNumber.app; sourceTree = BUILT_PRODUCTS_DIR; };
		AC85ACD4258A331D0070D8F0 /* XcodeBundleNumberApp.swift */ = {isa = PBXFileReference; lastKnownFileType = sourcecode.swift; path = XcodeBundleNumberApp.swift; sourceTree = "<group>"; };
		AC85ACD6258A331D0070D8F0 /* ContentView.swift */ = {isa = PBXFileReference; lastKnownFileType = sourcecode.swift; path = ContentView.swift; sourceTree = "<group>"; };
		AC85ACD8258A33250070D8F0 /* Assets.xcassets */ = {isa = PBXFileReference; lastKnownFileType = folder.assetcatalog; path = Assets.xcassets; sourceTree = "<group>"; };
		AC85ACDB258A33250070D8F0 /* Preview Assets.xcassets */ = {isa = PBXFileReference; lastKnownFileType = folder.assetcatalog; path = "Preview Assets.xcassets"; sourceTree = "<group>"; };
		AC85ACDD258A33250070D8F0 /* Info.plist */ = {isa = PBXFileReference; lastKnownFileType = text.plist.xml; path = Info.plist; sourceTree = "<group>"; };
		AC85ACE2258A33260070D8F0 /* XcodeBundleNumberTests.xctest */ = {isa = PBXFileReference; explicitFileType = wrapper.cfbundle; includeInIndex = 0; path = XcodeBundleNumberTests.xctest; sourceTree = BUILT_PRODUCTS_DIR; };
		AC85ACE6258A33260070D8F0 /* XcodeBundleNumberTests.swift */ = {isa = PBXFileReference; lastKnownFileType = sourcecode.swift; path = XcodeBundleNumberTests.swift; sourceTree = "<group>"; };
		AC85ACE8258A33260070D8F0 /* Info.plist */ = {isa = PBXFileReference; lastKnownFileType = text.plist.xml; path = Info.plist; sourceTree = "<group>"; };
		AC85ACED258A33260070D8F0 /* XcodeBundleNumberUITests.xctest */ = {isa = PBXFileReference; explicitFileType = wrapper.cfbundle; includeInIndex = 0; path = XcodeBundleNumberUITests.xctest; sourceTree = BUILT_PRODUCTS_DIR; };
		AC85ACF1258A33260070D8F0 /* XcodeBundleNumberUITests.swift */ = {isa = PBXFileReference; lastKnownFileType = sourcecode.swift; path = XcodeBundleNumberUITests.swift; sourceTree = "<group>"; };
		AC85ACF3258A33260070D8F0 /* Info.plist */ = {isa = PBXFileReference; lastKnownFileType = text.plist.xml; path = Info.plist; sourceTree = "<group>"; };
/* End PBXFileReference section */

/* Begin PBXFrameworksBuildPhase section */
		AC85ACCE258A331D0070D8F0 /* Frameworks */ = {
			isa = PBXFrameworksBuildPhase;
			buildActionMask = 2147483647;
			files = (
			);
			runOnlyForDeploymentPostprocessing = 0;
		};
		AC85ACDF258A33260070D8F0 /* Frameworks */ = {
			isa = PBXFrameworksBuildPhase;
			buildActionMask = 2147483647;
			files = (
			);
			runOnlyForDeploymentPostprocessing = 0;
		};
		AC85ACEA258A33260070D8F0 /* Frameworks */ = {
			isa = PBXFrameworksBuildPhase;
			buildActionMask = 2147483647;
			files = (
			);
			runOnlyForDeploymentPostprocessing = 0;
		};
/* End PBXFrameworksBuildPhase section */

/* Begin PBXGroup section */
		AC85ACC8258A331D0070D8F0 = {
			isa = PBXGroup;
			children = (
				AC85ACD3258A331D0070D8F0 /* XcodeBundleNumber */,
				AC85ACE5258A33260070D8F0 /* XcodeBundleNumberTests */,
				AC85ACF0258A33260070D8F0 /* XcodeBundleNumberUITests */,
				AC85ACD2258A331D0070D8F0 /* Products */,
			);
			sourceTree = "<group>";
		};
		AC85ACD2258A331D0070D8F0 /* Products */ = {
			isa = PBXGroup;
			children = (
				AC85ACD1258A331D0070D8F0 /* XcodeBundleNumber.app */,
				AC85ACE2258A33260070D8F0 /* XcodeBundleNumberTests.xctest */,
				AC85ACED258A33260070D8F0 /* XcodeBundleNumberUITests.xctest */,
			);
			name = Products;
			sourceTree = "<group>";
		};
		AC85ACD3258A331D0070D8F0 /* XcodeBundleNumber */ = {
			isa = PBXGroup;
			children = (
				AC85ACD4258A331D0070D8F0 /* XcodeBundleNumberApp.swift */,
				AC85ACD6258A331D0070D8F0 /* ContentView.swift */,
				AC85ACD8258A33250070D8F0 /* Assets.xcassets */,
				AC85ACDD258A33250070D8F0 /* Info.plist */,
				AC85ACDA258A33250070D8F0 /* Preview Content */,
			);
			path = XcodeBundleNumber;
			sourceTree = "<group>";
		};
		AC85ACDA258A33250070D8F0 /* Preview Content */ = {
			isa = PBXGroup;
			children = (
				AC85ACDB258A33250070D8F0 /* Preview Assets.xcassets */,
			);
			path = "Preview Content";
			sourceTree = "<group>";
		};
		AC85ACE5258A33260070D8F0 /* XcodeBundleNumberTests */ = {
			isa = PBXGroup;
			children = (
				AC85ACE6258A33260070D8F0 /* XcodeBundleNumberTests.swift */,
				AC85ACE8258A33260070D8F0 /* Info.plist */,
			);
			path = XcodeBundleNumberTests;
			sourceTree = "<group>";
		};
		AC85ACF0258A33260070D8F0 /* XcodeBundleNumberUITests */ = {
			isa = PBXGroup;
			children = (
				AC85ACF1258A33260070D8F0 /* XcodeBundleNumberUITests.swift */,
				AC85ACF3258A33260070D8F0 /* Info.plist */,
			);
			path = XcodeBundleNumberUITests;
			sourceTree = "<group>";
		};
/* End PBXGroup section */

/* Begin PBXNativeTarget section */
		AC85ACD0258A331D0070D8F0 /* XcodeBundleNumber */ = {
			isa = PBXNativeTarget;
			buildConfigurationList = AC85ACF6258A33260070D8F0 /* Build configuration list for PBXNativeTarget "XcodeBundleNumber" */;
			buildPhases = (
				AC85ACCD258A331D0070D8F0 /* Sources */,
				AC85ACCE258A331D0070D8F0 /* Frameworks */,
				AC85ACCF258A331D0070D8F0 /* Resources */,
			);
			buildRules = (
			);
			dependencies = (
			);
			name = XcodeBundleNumber;
			productName = XcodeBundleNumber;
			productReference = AC85ACD1258A331D0070D8F0 /* XcodeBundleNumber.app */;
			productType = "com.apple.product-type.application";
		};
		AC85ACE1258A33260070D8F0 /* XcodeBundleNumberTests */ = {
			isa = PBXNativeTarget;
			buildConfigurationList = AC85ACF9258A33260070D8F0 /* Build configuration list for PBXNativeTarget "XcodeBundleNumberTests" */;
			buildPhases = (
				AC85ACDE258A33260070D8F0 /* Sources */,
				AC85ACDF258A33260070D8F0 /* Frameworks */,
				AC85ACE0258A33260070D8F0 /* Resources */,
			);
			buildRules = (
			);
			dependencies = (
				AC85ACE4258A33260070D8F0 /* PBXTargetDependency */,
			);
			name = XcodeBundleNumberTests;
			productName = XcodeBundleNumberTests;
			productReference = AC85ACE2258A33260070D8F0 /* XcodeBundleNumberTests.xctest */;
			productType = "com.apple.product-type.bundle.unit-test";
		};
		AC85ACEC258A33260070D8F0 /* XcodeBundleNumberUITests */ = {
			isa = PBXNativeTarget;
			buildConfigurationList = AC85ACFC258A33260070D8F0 /* Build configuration list for PBXNativeTarget "XcodeBundleNumberUITests" */;
			buildPhases = (
				AC85ACE9258A33260070D8F0 /* Sources */,
				AC85ACEA258A33260070D8F0 /* Frameworks */,
				AC85ACEB258A33260070D8F0 /* Resources */,
			);
			buildRules = (
			);
			dependencies = (
				AC85ACEF258A33260070D8F0 /* PBXTargetDependency */,
			);
			name = XcodeBundleNumberUITests;
			productName = XcodeBundleNumberUITests;
			productReference = AC85ACED258A33260070D8F0 /* XcodeBundleNumberUITests.xctest */;
			productType = "com.apple.product-type.bundle.ui-testing";
		};
/* End PBXNativeTarget section */

/* Begin PBXProject section */
		AC85ACC9258A331D0070D8F0 /* Project object */ = {
			isa = PBXProject;
			attributes = {
				LastSwiftUpdateCheck = 1230;
				LastUpgradeCheck = 1230;
				TargetAttributes = {
					AC85ACD0258A331D0070D8F0 = {
						CreatedOnToolsVersion = 12.3;
					};
					AC85ACE1258A33260070D8F0 = {
						CreatedOnToolsVersion = 12.3;
						TestTargetID = AC85ACD0258A331D0070D8F0;
					};
					AC85ACEC258A33260070D8F0 = {
						CreatedOnToolsVersion = 12.3;
						TestTargetID = AC85ACD0258A331D0070D8F0;
					};
				};
			};
			buildConfigurationList = AC85ACCC258A331D0070D8F0 /* Build configuration list for PBXProject "XcodeBundleNumber" */;
			compatibilityVersion = "Xcode 9.3";
			developmentRegion = en;
			hasScannedForEncodings = 0;
			knownRegions = (
				en,
				Base,
			);
			mainGroup = AC85ACC8258A331D0070D8F0;
			productRefGroup = AC85ACD2258A331D0070D8F0 /* Products */;
			projectDirPath = "";
			projectRoot = "";
			targets = (
				AC85ACD0258A331D0070D8F0 /* XcodeBundleNumber */,
				AC85ACE1258A33260070D8F0 /* XcodeBundleNumberTests */,
				AC85ACEC258A33260070D8F0 /* XcodeBundleNumberUITests */,
			);
		};
/* End PBXProject section */

/* Begin PBXResourcesBuildPhase section */
		AC85ACCF258A331D0070D8F0 /* Resources */ = {
			isa = PBXResourcesBuildPhase;
			buildActionMask = 2147483647;
			files = (
				AC85ACDC258A33250070D8F0 /* Preview Assets.xcassets in Resources */,
				AC85ACD9258A33250070D8F0 /* Assets.xcassets in Resources */,
			);
			runOnlyForDeploymentPostprocessing = 0;
		};
		AC85ACE0258A33260070D8F0 /* Resources */ = {
			isa = PBXResourcesBuildPhase;
			buildActionMask = 2147483647;
			files = (
			);
			runOnlyForDeploymentPostprocessing = 0;
		};
		AC85ACEB258A33260070D8F0 /* Resources */ = {
			isa = PBXResourcesBuildPhase;
			buildActionMask = 2147483647;
			files = (
			);
			runOnlyForDeploymentPostprocessing = 0;
		};
/* End PBXResourcesBuildPhase section */

/* Begin PBXSourcesBuildPhase section */
		AC85ACCD258A331D0070D8F0 /* Sources */ = {
			isa = PBXSourcesBuildPhase;
			buildActionMask = 2147483647;
			files = (
				AC85ACD7258A331D0070D8F0 /* ContentView.swift in Sources */,
				AC85ACD5258A331D0070D8F0 /* XcodeBundleNumberApp.swift in Sources */,
			);
			runOnlyForDeploymentPostprocessing = 0;
		};
		AC85ACDE258A33260070D8F0 /* Sources */ = {
			isa = PBXSourcesBuildPhase;
			buildActionMask = 2147483647;
			files = (
				AC85ACE7258A33260070D8F0 /* XcodeBundleNumberTests.swift in Sources */,
			);
			runOnlyForDeploymentPostprocessing = 0;
		};
		AC85ACE9258A33260070D8F0 /* Sources */ = {
			isa = PBXSourcesBuildPhase;
			buildActionMask = 2147483647;
			files = (
				AC85ACF2258A33260070D8F0 /* XcodeBundleNumberUITests.swift in Sources */,
			);
			runOnlyForDeploymentPostprocessing = 0;
		};
/* End PBXSourcesBuildPhase section */

/* Begin PBXTargetDependency section */
		AC85ACE4258A33260070D8F0 /* PBXTargetDependency */ = {
			isa = PBXTargetDependency;
			target = AC85ACD0258A331D0070D8F0 /* XcodeBundleNumber */;
			targetProxy = AC85ACE3258A33260070D8F0 /* PBXContainerItemProxy */;
		};
		AC85ACEF258A33260070D8F0 /* PBXTargetDependency */ = {
			isa = PBXTargetDependency;
			target = AC85ACD0258A331D0070D8F0 /* XcodeBundleNumber */;
			targetProxy = AC85ACEE258A33260070D8F0 /* PBXContainerItemProxy */;
		};
/* End PBXTargetDependency section */

/* Begin XCBuildConfiguration section */
		AC85ACF4258A33260070D8F0 /* Debug */ = {
			isa = XCBuildConfiguration;
			buildSettings = {
				ALWAYS_SEARCH_USER_PATHS = NO;
				CLANG_ANALYZER_NONNULL = YES;
				CLANG_ANALYZER_NUMBER_OBJECT_CONVERSION = YES_AGGRESSIVE;
				CLANG_CXX_LANGUAGE_STANDARD = "gnu++14";
				CLANG_CXX_LIBRARY = "libc++";
				CLANG_ENABLE_MODULES = YES;
				CLANG_ENABLE_OBJC_ARC = YES;
				CLANG_ENABLE_OBJC_WEAK = YES;
				CLANG_WARN_BLOCK_CAPTURE_AUTORELEASING = YES;
				CLANG_WARN_BOOL_CONVERSION = YES;
				CLANG_WARN_COMMA = YES;
				CLANG_WARN_CONSTANT_CONVERSION = YES;
				CLANG_WARN_DEPRECATED_OBJC_IMPLEMENTATIONS = YES;
				CLANG_WARN_DIRECT_OBJC_ISA_USAGE = YES_ERROR;
				CLANG_WARN_DOCUMENTATION_COMMENTS = YES;
				CLANG_WARN_EMPTY_BODY = YES;
				CLANG_WARN_ENUM_CONVERSION = YES;
				CLANG_WARN_INFINITE_RECURSION = YES;
				CLANG_WARN_INT_CONVERSION = YES;
				CLANG_WARN_NON_LITERAL_NULL_CONVERSION = YES;
				CLANG_WARN_OBJC_IMPLICIT_RETAIN_SELF = YES;
				CLANG_WARN_OBJC_LITERAL_CONVERSION = YES;
				CLANG_WARN_OBJC_ROOT_CLASS = YES_ERROR;
				CLANG_WARN_QUOTED_INCLUDE_IN_FRAMEWORK_HEADER = YES;
				CLANG_WARN_RANGE_LOOP_ANALYSIS = YES;
				CLANG_WARN_STRICT_PROTOTYPES = YES;
				CLANG_WARN_SUSPICIOUS_MOVE = YES;
				CLANG_WARN_UNGUARDED_AVAILABILITY = YES_AGGRESSIVE;
				CLANG_WARN_UNREACHABLE_CODE = YES;
				CLANG_WARN__DUPLICATE_METHOD_MATCH = YES;
				COPY_PHASE_STRIP = NO;
				DEBUG_INFORMATION_FORMAT = dwarf;
				ENABLE_STRICT_OBJC_MSGSEND = YES;
				ENABLE_TESTABILITY = YES;
				GCC_C_LANGUAGE_STANDARD = gnu11;
				GCC_DYNAMIC_NO_PIC = NO;
				GCC_NO_COMMON_BLOCKS = YES;
				GCC_OPTIMIZATION_LEVEL = 0;
				GCC_PREPROCESSOR_DEFINITIONS = (
					"DEBUG=1",
					"$(inherited)",
				);
				GCC_WARN_64_TO_32_BIT_CONVERSION = YES;
				GCC_WARN_ABOUT_RETURN_TYPE = YES_ERROR;
				GCC_WARN_UNDECLARED_SELECTOR = YES;
				GCC_WARN_UNINITIALIZED_AUTOS = YES_AGGRESSIVE;
				GCC_WARN_UNUSED_FUNCTION = YES;
				GCC_WARN_UNUSED_VARIABLE = YES;
				IPHONEOS_DEPLOYMENT_TARGET = 14.3;
				MTL_ENABLE_DEBUG_INFO = INCLUDE_SOURCE;
				MTL_FAST_MATH = YES;
				ONLY_ACTIVE_ARCH = YES;
				SDKROOT = iphoneos;
				SWIFT_ACTIVE_COMPILATION_CONDITIONS = DEBUG;
				SWIFT_OPTIMIZATION_LEVEL = "-Onone";
			};
			name = Debug;
		};
		AC85ACF5258A33260070D8F0 /* Release */ = {
			isa = XCBuildConfiguration;
			buildSettings = {
				ALWAYS_SEARCH_USER_PATHS = NO;
				CLANG_ANALYZER_NONNULL = YES;
				CLANG_ANALYZER_NUMBER_OBJECT_CONVERSION = YES_AGGRESSIVE;
				CLANG_CXX_LANGUAGE_STANDARD = "gnu++14";
				CLANG_CXX_LIBRARY = "libc++";
				CLANG_ENABLE_MODULES = YES;
				CLANG_ENABLE_OBJC_ARC = YES;
				CLANG_ENABLE_OBJC_WEAK = YES;
				CLANG_WARN_BLOCK_CAPTURE_AUTORELEASING = YES;
				CLANG_WARN_BOOL_CONVERSION = YES;
				CLANG_WARN_COMMA = YES;
				CLANG_WARN_CONSTANT_CONVERSION = YES;
				CLANG_WARN_DEPRECATED_OBJC_IMPLEMENTATIONS = YES;
				CLANG_WARN_DIRECT_OBJC_ISA_USAGE = YES_ERROR;
				CLANG_WARN_DOCUMENTATION_COMMENTS = YES;
				CLANG_WARN_EMPTY_BODY = YES;
				CLANG_WARN_ENUM_CONVERSION = YES;
				CLANG_WARN_INFINITE_RECURSION = YES;
				CLANG_WARN_INT_CONVERSION = YES;
				CLANG_WARN_NON_LITERAL_NULL_CONVERSION = YES;
				CLANG_WARN_OBJC_IMPLICIT_RETAIN_SELF = YES;
				CLANG_WARN_OBJC_LITERAL_CONVERSION = YES;
				CLANG_WARN_OBJC_ROOT_CLASS = YES_ERROR;
				CLANG_WARN_QUOTED_INCLUDE_IN_FRAMEWORK_HEADER = YES;
				CLANG_WARN_RANGE_LOOP_ANALYSIS = YES;
				CLANG_WARN_STRICT_PROTOTYPES = YES;
				CLANG_WARN_SUSPICIOUS_MOVE = YES;
				CLANG_WARN_UNGUARDED_AVAILABILITY = YES_AGGRESSIVE;
				CLANG_WARN_UNREACHABLE_CODE = YES;
				CLANG_WARN__DUPLICATE_METHOD_MATCH = YES;
				COPY_PHASE_STRIP = NO;
				DEBUG_INFORMATION_FORMAT = "dwarf-with-dsym";
				ENABLE_NS_ASSERTIONS = NO;
				ENABLE_STRICT_OBJC_MSGSEND = YES;
				GCC_C_LANGUAGE_STANDARD = gnu11;
				GCC_NO_COMMON_BLOCKS = YES;
				GCC_WARN_64_TO_32_BIT_CONVERSION = YES;
				GCC_WARN_ABOUT_RETURN_TYPE = YES_ERROR;
				GCC_WARN_UNDECLARED_SELECTOR = YES;
				GCC_WARN_UNINITIALIZED_AUTOS = YES_AGGRESSIVE;
				GCC_WARN_UNUSED_FUNCTION = YES;
				GCC_WARN_UNUSED_VARIABLE = YES;
				IPHONEOS_DEPLOYMENT_TARGET = 14.3;
				MTL_ENABLE_DEBUG_INFO = NO;
				MTL_FAST_MATH = YES;
				SDKROOT = iphoneos;
				SWIFT_COMPILATION_MODE = wholemodule;
				SWIFT_OPTIMIZATION_LEVEL = "-O";
				VALIDATE_PRODUCT = YES;
			};
			name = Release;
		};
		AC85ACF7258A33260070D8F0 /* Debug */ = {
			isa = XCBuildConfiguration;
			buildSettings = {
				ASSETCATALOG_COMPILER_APPICON_NAME = AppIcon;
				ASSETCATALOG_COMPILER_GLOBAL_ACCENT_COLOR_NAME = AccentColor;
				CODE_SIGN_STYLE = Automatic;
				DEVELOPMENT_ASSET_PATHS = "\"XcodeBundleNumber/Preview Content\"";
				DEVELOPMENT_TEAM = 39V96C2P97;
				ENABLE_PREVIEWS = YES;
				INFOPLIST_FILE = XcodeBundleNumber/Info.plist;
				IPHONEOS_DEPLOYMENT_TARGET = 14.0;
				LD_RUNPATH_SEARCH_PATHS = (
					"$(inherited)",
					"@executable_path/Frameworks",
				);
				PRODUCT_BUNDLE_IDENTIFIER = com.github.poad.XcodeBundleNumber;
				PRODUCT_NAME = "$(TARGET_NAME)";
				SWIFT_VERSION = 5.0;
				TARGETED_DEVICE_FAMILY = "1,2";
			};
			name = Debug;
		};
		AC85ACF8258A33260070D8F0 /* Release */ = {
			isa = XCBuildConfiguration;
			buildSettings = {
				ASSETCATALOG_COMPILER_APPICON_NAME = AppIcon;
				ASSETCATALOG_COMPILER_GLOBAL_ACCENT_COLOR_NAME = AccentColor;
				CODE_SIGN_STYLE = Automatic;
				DEVELOPMENT_ASSET_PATHS = "\"XcodeBundleNumber/Preview Content\"";
				DEVELOPMENT_TEAM = 39V96C2P97;
				ENABLE_PREVIEWS = YES;
				INFOPLIST_FILE = XcodeBundleNumber/Info.plist;
				IPHONEOS_DEPLOYMENT_TARGET = 14.0;
				LD_RUNPATH_SEARCH_PATHS = (
					"$(inherited)",
					"@executable_path/Frameworks",
				);
				PRODUCT_BUNDLE_IDENTIFIER = com.github.poad.XcodeBundleNumber;
				PRODUCT_NAME = "$(TARGET_NAME)";
				SWIFT_VERSION = 5.0;
				TARGETED_DEVICE_FAMILY = "1,2";
			};
			name = Release;
		};
		AC85ACFA258A33260070D8F0 /* Debug */ = {
			isa = XCBuildConfiguration;
			buildSettings = {
				ALWAYS_EMBED_SWIFT_STANDARD_LIBRARIES = YES;
				BUNDLE_LOADER = "$(TEST_HOST)";
				CODE_SIGN_STYLE = Automatic;
				DEVELOPMENT_TEAM = 39V96C2P97;
				INFOPLIST_FILE = XcodeBundleNumberTests/Info.plist;
				IPHONEOS_DEPLOYMENT_TARGET = 14.0;
				LD_RUNPATH_SEARCH_PATHS = (
					"$(inherited)",
					"@executable_path/Frameworks",
					"@loader_path/Frameworks",
				);
				PRODUCT_BUNDLE_IDENTIFIER = com.github.poad.XcodeBundleNumberTests;
				PRODUCT_NAME = "$(TARGET_NAME)";
				SWIFT_VERSION = 5.0;
				TARGETED_DEVICE_FAMILY = "1,2";
				TEST_HOST = "$(BUILT_PRODUCTS_DIR)/XcodeBundleNumber.app/XcodeBundleNumber";
			};
			name = Debug;
		};
		AC85ACFB258A33260070D8F0 /* Release */ = {
			isa = XCBuildConfiguration;
			buildSettings = {
				ALWAYS_EMBED_SWIFT_STANDARD_LIBRARIES = YES;
				BUNDLE_LOADER = "$(TEST_HOST)";
				CODE_SIGN_STYLE = Automatic;
				DEVELOPMENT_TEAM = 39V96C2P97;
				INFOPLIST_FILE = XcodeBundleNumberTests/Info.plist;
				IPHONEOS_DEPLOYMENT_TARGET = 14.0;
				LD_RUNPATH_SEARCH_PATHS = (
					"$(inherited)",
					"@executable_path/Frameworks",
					"@loader_path/Frameworks",
				);
				PRODUCT_BUNDLE_IDENTIFIER = com.github.poad.XcodeBundleNumberTests;
				PRODUCT_NAME = "$(TARGET_NAME)";
				SWIFT_VERSION = 5.0;
				TARGETED_DEVICE_FAMILY = "1,2";
				TEST_HOST = "$(BUILT_PRODUCTS_DIR)/XcodeBundleNumber.app/XcodeBundleNumber";
			};
			name = Release;
		};
		AC85ACFD258A33260070D8F0 /* Debug */ = {
			isa = XCBuildConfiguration;
			buildSettings = {
				ALWAYS_EMBED_SWIFT_STANDARD_LIBRARIES = YES;
				CODE_SIGN_STYLE = Automatic;
				DEVELOPMENT_TEAM = 39V96C2P97;
				INFOPLIST_FILE = XcodeBundleNumberUITests/Info.plist;
				LD_RUNPATH_SEARCH_PATHS = (
					"$(inherited)",
					"@executable_path/Frameworks",
					"@loader_path/Frameworks",
				);
				PRODUCT_BUNDLE_IDENTIFIER = com.github.poad.XcodeBundleNumberUITests;
				PRODUCT_NAME = "$(TARGET_NAME)";
				SWIFT_VERSION = 5.0;
				TARGETED_DEVICE_FAMILY = "1,2";
				TEST_TARGET_NAME = XcodeBundleNumber;
			};
			name = Debug;
		};
		AC85ACFE258A33260070D8F0 /* Release */ = {
			isa = XCBuildConfiguration;
			buildSettings = {
				ALWAYS_EMBED_SWIFT_STANDARD_LIBRARIES = YES;
				CODE_SIGN_STYLE = Automatic;
				DEVELOPMENT_TEAM = 39V96C2P97;
				INFOPLIST_FILE = XcodeBundleNumberUITests/Info.plist;
				LD_RUNPATH_SEARCH_PATHS = (
					"$(inherited)",
					"@executable_path/Frameworks",
					"@loader_path/Frameworks",
				);
				PRODUCT_BUNDLE_IDENTIFIER = com.github.poad.XcodeBundleNumberUITests;
				PRODUCT_NAME = "$(TARGET_NAME)";
				SWIFT_VERSION = 5.0;
				TARGETED_DEVICE_FAMILY = "1,2";
				TEST_TARGET_NAME = XcodeBundleNumber;
			};
			name = Release;
		};
/* End XCBuildConfiguration section */

/* Begin XCConfigurationList section */
		AC85ACCC258A331D0070D8F0 /* Build configuration list for PBXProject "XcodeBundleNumber" */ = {
			isa = XCConfigurationList;
			buildConfigurations = (
				AC85ACF4258A33260070D8F0 /* Debug */,
				AC85ACF5258A33260070D8F0 /* Release */,
			);
			defaultConfigurationIsVisible = 0;
			defaultConfigurationName = Release;
		};
		AC85ACF6258A33260070D8F0 /* Build configuration list for PBXNativeTarget "XcodeBundleNumber" */ = {
			isa = XCConfigurationList;
			buildConfigurations = (
				AC85ACF7258A33260070D8F0 /* Debug */,
				AC85ACF8258A33260070D8F0 /* Release */,
			);
			defaultConfigurationIsVisible = 0;
			defaultConfigurationName = Release;
		};
		AC85ACF9258A33260070D8F0 /* Build configuration list for PBXNativeTarget "XcodeBundleNumberTests" */ = {
			isa = XCConfigurationList;
			buildConfigurations = (
				AC85ACFA258A33260070D8F0 /* Debug */,
				AC85ACFB258A33260070D8F0 /* Release */,
			);
			defaultConfigurationIsVisible = 0;
			defaultConfigurationName = Release;
		};
		AC85ACFC258A33260070D8F0 /* Build configuration list for PBXNativeTarget "XcodeBundleNumberUITests" */ = {
			isa = XCConfigurationList;
			buildConfigurations = (
				AC85ACFD258A33260070D8F0 /* Debug */,
				AC85ACFE258A33260070D8F0 /* Release */,
			);
			defaultConfigurationIsVisible = 0;
			defaultConfigurationName = Release;
		};
/* End XCConfigurationList section */
	};
	rootObject = AC85ACC9258A331D0070D8F0 /* Project object */;
}
